
Microsoft Visual Studio Solution File, Format Version 12.00
# Visual Studio Version 16
VisualStudioVersion = 16.0.32106.194
MinimumVisualStudioVersion = 10.0.40219.1
Project("{FAE04EC0-301F-11D3-BF4B-00C04F79EFBC}") = "MyToDo", "MyToDo.csproj", "{1D48EE13-19B3-46DA-876F-91521214C9AF}"
EndProject
Project("{FAE04EC0-301F-11D3-BF4B-00C04F79EFBC}") = "MyToDo.Api", "..\MyToDo.Api\MyToDo.Api.csproj", "{F2CA15AF-7976-437B-A88A-DDF9E7D7400B}"
EndProject
Global
	GlobalSection(SolutionConfigurationPlatforms) = preSolution
		Debug|Any CPU = Debug|Any CPU
		Release|Any CPU = Release|Any CPU
	EndGlobalSection
	GlobalSection(ProjectConfigurationPlatforms) = postSolution
		{1D48EE13-19B3-46DA-876F-91521214C9AF}.Debug|Any CPU.ActiveCfg = Debug|Any CPU
		{1D48EE13-19B3-46DA-876F-91521214C9AF}.Debug|Any CPU.Build.0 = Debug|Any CPU
		{1D48EE13-19B3-46DA-876F-91521214C9AF}.Release|Any CPU.ActiveCfg = Release|Any CPU
		{1D48EE13-19B3-46DA-876F-91521214C9AF}.Release|Any CPU.Build.0 = Release|Any CPU
		{F2CA15AF-7976-437B-A88A-DDF9E7D7400B}.Debug|Any CPU.ActiveCfg = Debug|Any CPU
		{F2CA15AF-7976-437B-A88A-DDF9E7D7400B}.Debug|Any CPU.Build.0 = Debug|Any CPU
		{F2CA15AF-7976-437B-A88A-DDF9E7D7400B}.Release|Any CPU.ActiveCfg = Release|Any CPU
		{F2CA15AF-7976-437B-A88A-DDF9E7D7400B}.Release|Any CPU.Build.0 = Release|Any CPU
	EndGlobalSection
	GlobalSection(SolutionProperties) = preSolution
		HideSolutionNode = FALSE
	EndGlobalSection
	GlobalSection(ExtensibilityGlobals) = postSolution
		SolutionGuid = {78059776-3B88-48C2-B817-19C892016810}
	EndGlobalSection
EndGlobal
